{
  "requires": true,
  "lockfileVersion": 1,
  "dependencies": {
    "@tweenjs/tween.js": {
      "version": "18.5.0",
      "resolved": "https://registry.npmjs.org/@tweenjs/tween.js/-/tween.js-18.5.0.tgz",
      "integrity": "sha512-/qyhdvbc6vWsFuiK7Wq74ZMu1F/9sFRlBv2qnjeu70XI0HRC8zOfUqbXT2irVLCSVuCI/fI7HphGdbsbyQ/Q5w=="
    },
    "jquery": {
      "version": "3.5.1",
      "resolved": "https://registry.npmjs.org/jquery/-/jquery-3.5.1.tgz",
      "integrity": "sha512-XwIBPqcMn57FxfT+Go5pzySnm4KWkT1Tv7gjrpT1srtf8Weynl6R273VJ5GjkRb51IzMp5nbaPjJXMWeju2MKg=="
    },
    "three": {
      "version": "0.117.1",
      "resolved": "https://registry.npmjs.org/three/-/three-0.117.1.tgz",
      "integrity": "sha512-t4zeJhlNzUIj9+ub0l6nICVimSuRTZJOqvk3Rmlu+YGdTOJ49Wna8p7aumpkXJakJfITiybfpYE1XN1o1Z34UQ=="
    }
  }
}
